// !$*UTF8*$!
{
	archiveVersion = 1;
	classes = {
	};
	objectVersion = 46;
	objects = {

/* Begin PBXBuildFile section */
		7A483FEB1DC0AE3000A4F211 /* main.m in Sources */ = {isa = PBXBuildFile; fileRef = 7A483FEA1DC0AE3000A4F211 /* main.m */; };
		7A483FEE1DC0AE3000A4F211 /* AppDelegate.m in Sources */ = {isa = PBXBuildFile; fileRef = 7A483FED1DC0AE3000A4F211 /* AppDelegate.m */; };
		7A483FF11DC0AE3000A4F211 /* ViewController.m in Sources */ = {isa = PBXBuildFile; fileRef = 7A483FF01DC0AE3000A4F211 /* ViewController.m */; };
		7A483FF41DC0AE3000A4F211 /* Main.storyboard in Resources */ = {isa = PBXBuildFile; fileRef = 7A483FF21DC0AE3000A4F211 /* Main.storyboard */; };
		7A483FF61DC0AE3000A4F211 /* Assets.xcassets in Resources */ = {isa = PBXBuildFile; fileRef = 7A483FF51DC0AE3000A4F211 /* Assets.xcassets */; };
		7A483FF91DC0AE3000A4F211 /* LaunchScreen.storyboard in Resources */ = {isa = PBXBuildFile; fileRef = 7A483FF71DC0AE3000A4F211 /* LaunchScreen.storyboard */; };
		7A4840041DC0AE3000A4F211 /* MaqueBetaTests.m in Sources */ = {isa = PBXBuildFile; fileRef = 7A4840031DC0AE3000A4F211 /* MaqueBetaTests.m */; };
		7A48400F1DC0AE3000A4F211 /* MaqueBetaUITests.m in Sources */ = {isa = PBXBuildFile; fileRef = 7A48400E1DC0AE3000A4F211 /* MaqueBetaUITests.m */; };
		7A4840681DC0AEAC00A4F211 /* .project in Resources */ = {isa = PBXBuildFile; fileRef = 7A48401D1DC0AEAC00A4F211 /* .project */; };
		7A4840691DC0AEAC00A4F211 /* config.xml in Resources */ = {isa = PBXBuildFile; fileRef = 7A48401E1DC0AEAC00A4F211 /* config.xml */; };
		7A48406A1DC0AEAC00A4F211 /* api.css in Resources */ = {isa = PBXBuildFile; fileRef = 7A4840201DC0AEAC00A4F211 /* api.css */; };
		7A48406B1DC0AEAC00A4F211 /* aui-calendar-slide.css in Resources */ = {isa = PBXBuildFile; fileRef = 7A4840211DC0AEAC00A4F211 /* aui-calendar-slide.css */; };
		7A48406C1DC0AEAC00A4F211 /* aui-calendar.css in Resources */ = {isa = PBXBuildFile; fileRef = 7A4840221DC0AEAC00A4F211 /* aui-calendar.css */; };
		7A48406D1DC0AEAC00A4F211 /* aui-slider-up.css in Resources */ = {isa = PBXBuildFile; fileRef = 7A4840231DC0AEAC00A4F211 /* aui-slider-up.css */; };
		7A48406E1DC0AEAC00A4F211 /* aui-win.css in Resources */ = {isa = PBXBuildFile; fileRef = 7A4840241DC0AEAC00A4F211 /* aui-win.css */; };
		7A48406F1DC0AEAC00A4F211 /* aui.css in Resources */ = {isa = PBXBuildFile; fileRef = 7A4840251DC0AEAC00A4F211 /* aui.css */; };
		7A4840701DC0AEAC00A4F211 /* aui_iconfont.ttf in Resources */ = {isa = PBXBuildFile; fileRef = 7A4840261DC0AEAC00A4F211 /* aui_iconfont.ttf */; };
		7A4840711DC0AEAC00A4F211 /* ionic.css in Resources */ = {isa = PBXBuildFile; fileRef = 7A4840271DC0AEAC00A4F211 /* ionic.css */; };
		7A4840721DC0AEAC00A4F211 /* bwjqr.html in Resources */ = {isa = PBXBuildFile; fileRef = 7A48402A1DC0AEAC00A4F211 /* bwjqr.html */; };
		7A4840731DC0AEAC00A4F211 /* function.html in Resources */ = {isa = PBXBuildFile; fileRef = 7A48402B1DC0AEAC00A4F211 /* function.html */; };
		7A4840741DC0AEAC00A4F211 /* function_d.html in Resources */ = {isa = PBXBuildFile; fileRef = 7A48402C1DC0AEAC00A4F211 /* function_d.html */; };
		7A4840751DC0AEAC00A4F211 /* jihuo.html in Resources */ = {isa = PBXBuildFile; fileRef = 7A48402D1DC0AEAC00A4F211 /* jihuo.html */; };
		7A4840761DC0AEAC00A4F211 /* jihuo_d.html in Resources */ = {isa = PBXBuildFile; fileRef = 7A48402E1DC0AEAC00A4F211 /* jihuo_d.html */; };
		7A4840771DC0AEAC00A4F211 /* lianxi.html in Resources */ = {isa = PBXBuildFile; fileRef = 7A48402F1DC0AEAC00A4F211 /* lianxi.html */; };
		7A4840781DC0AEAC00A4F211 /* lianxi_d.html in Resources */ = {isa = PBXBuildFile; fileRef = 7A4840301DC0AEAC00A4F211 /* lianxi_d.html */; };
		7A4840791DC0AEAC00A4F211 /* main.html in Resources */ = {isa = PBXBuildFile; fileRef = 7A4840311DC0AEAC00A4F211 /* main.html */; };
		7A48407A1DC0AEAC00A4F211 /* qpyx.html in Resources */ = {isa = PBXBuildFile; fileRef = 7A4840321DC0AEAC00A4F211 /* qpyx.html */; };
		7A48407B1DC0AEAC00A4F211 /* shezhi.html in Resources */ = {isa = PBXBuildFile; fileRef = 7A4840331DC0AEAC00A4F211 /* shezhi.html */; };
		7A48407C1DC0AEAC00A4F211 /* icon150x150.png in Resources */ = {isa = PBXBuildFile; fileRef = 7A4840351DC0AEAC00A4F211 /* icon150x150.png */; };
		7A4840A61DC0AEAC00A4F211 /* index.html in Resources */ = {isa = PBXBuildFile; fileRef = 7A4840601DC0AEAC00A4F211 /* index.html */; };
		7A4840A71DC0AEAC00A4F211 /* launch1080x1920.png in Resources */ = {isa = PBXBuildFile; fileRef = 7A4840621DC0AEAC00A4F211 /* launch1080x1920.png */; };
		7A4840A81DC0AEAC00A4F211 /* api.js in Resources */ = {isa = PBXBuildFile; fileRef = 7A4840651DC0AEAC00A4F211 /* api.js */; };
		7A4840A91DC0AEAC00A4F211 /* jquery-2.1.4.min.js in Resources */ = {isa = PBXBuildFile; fileRef = 7A4840661DC0AEAC00A4F211 /* jquery-2.1.4.min.js */; };
		7A9544521DCB249B0001D820 /* jms.png in Resources */ = {isa = PBXBuildFile; fileRef = 7A9544511DCB249B0001D820 /* jms.png */; };
		7A9544541DCB277E0001D820 /* hlmj.png in Resources */ = {isa = PBXBuildFile; fileRef = 7A9544531DCB277D0001D820 /* hlmj.png */; };
		7AA7332B1DC199F000B5C558 /* 1.png in Resources */ = {isa = PBXBuildFile; fileRef = 7AA733021DC199F000B5C558 /* 1.png */; };
		7AA7332C1DC199F000B5C558 /* 2.png in Resources */ = {isa = PBXBuildFile; fileRef = 7AA733031DC199F000B5C558 /* 2.png */; };
		7AA7332D1DC199F000B5C558 /* 3.png in Resources */ = {isa = PBXBuildFile; fileRef = 7AA733041DC199F000B5C558 /* 3.png */; };
		7AA7332E1DC199F000B5C558 /* 4.png in Resources */ = {isa = PBXBuildFile; fileRef = 7AA733051DC199F000B5C558 /* 4.png */; };
		7AA7332F1DC199F000B5C558 /* 5.png in Resources */ = {isa = PBXBuildFile; fileRef = 7AA733061DC199F000B5C558 /* 5.png */; };
		7AA733301DC199F000B5C558 /* 6.png in Resources */ = {isa = PBXBuildFile; fileRef = 7AA733071DC199F000B5C558 /* 6.png */; };
		7AA733311DC199F000B5C558 /* 7.png in Resources */ = {isa = PBXBuildFile; fileRef = 7AA733081DC199F000B5C558 /* 7.png */; };
		7AA733321DC199F000B5C558 /* 8.png in Resources */ = {isa = PBXBuildFile; fileRef = 7AA733091DC199F000B5C558 /* 8.png */; };
		7AA733331DC199F000B5C558 /* 9.png in Resources */ = {isa = PBXBuildFile; fileRef = 7AA7330A1DC199F000B5C558 /* 9.png */; };
		7AA733341DC199F000B5C558 /* 10.png in Resources */ = {isa = PBXBuildFile; fileRef = 7AA7330B1DC199F000B5C558 /* 10.png */; };
		7AA733351DC199F000B5C558 /* 11.png in Resources */ = {isa = PBXBuildFile; fileRef = 7AA7330C1DC199F000B5C558 /* 11.png */; };
		7AA733361DC199F000B5C558 /* 12.png in Resources */ = {isa = PBXBuildFile; fileRef = 7AA7330D1DC199F000B5C558 /* 12.png */; };
		7AA733371DC199F000B5C558 /* 52xd.jpg in Resources */ = {isa = PBXBuildFile; fileRef = 7AA7330E1DC199F000B5C558 /* 52xd.jpg */; };
		7AA733381DC199F000B5C558 /* dtyx.jpg in Resources */ = {isa = PBXBuildFile; fileRef = 7AA7330F1DC199F000B5C558 /* dtyx.jpg */; };
		7AA733391DC199F000B5C558 /* dymj.png in Resources */ = {isa = PBXBuildFile; fileRef = 7AA733101DC199F000B5C558 /* dymj.png */; };
		7AA7333A1DC199F000B5C558 /* ewm.jpg in Resources */ = {isa = PBXBuildFile; fileRef = 7AA733111DC199F000B5C558 /* ewm.jpg */; };
		7AA7333B1DC199F000B5C558 /* gg.png in Resources */ = {isa = PBXBuildFile; fileRef = 7AA733121DC199F000B5C558 /* gg.png */; };
		7AA7333C1DC199F000B5C558 /* hhmj.png in Resources */ = {isa = PBXBuildFile; fileRef = 7AA733131DC199F000B5C558 /* hhmj.png */; };
		7AA7333D1DC199F000B5C558 /* hsyx.png in Resources */ = {isa = PBXBuildFile; fileRef = 7AA733141DC199F000B5C558 /* hsyx.png */; };
		7AA7333E1DC199F000B5C558 /* hzmj.jpg in Resources */ = {isa = PBXBuildFile; fileRef = 7AA733151DC199F000B5C558 /* hzmj.jpg */; };
		7AA733401DC199F000B5C558 /* ks_btn.png in Resources */ = {isa = PBXBuildFile; fileRef = 7AA733171DC199F000B5C558 /* ks_btn.png */; };
		7AA733411DC199F000B5C558 /* loading_more.gif in Resources */ = {isa = PBXBuildFile; fileRef = 7AA733181DC199F000B5C558 /* loading_more.gif */; };
		7AA733421DC199F000B5C558 /* logo_d.png in Resources */ = {isa = PBXBuildFile; fileRef = 7AA733191DC199F000B5C558 /* logo_d.png */; };
		7AA733431DC199F000B5C558 /* myq.jpg in Resources */ = {isa = PBXBuildFile; fileRef = 7AA7331A1DC199F000B5C558 /* myq.jpg */; };
		7AA733441DC199F000B5C558 /* pjhz.png in Resources */ = {isa = PBXBuildFile; fileRef = 7AA7331B1DC199F000B5C558 /* pjhz.png */; };
		7AA733451DC199F000B5C558 /* ppmj.png in Resources */ = {isa = PBXBuildFile; fileRef = 7AA7331C1DC199F000B5C558 /* ppmj.png */; };
		7AA733461DC199F000B5C558 /* qppk.png in Resources */ = {isa = PBXBuildFile; fileRef = 7AA7331D1DC199F000B5C558 /* qppk.png */; };
		7AA733471DC199F000B5C558 /* qqhe.jpg in Resources */ = {isa = PBXBuildFile; fileRef = 7AA7331E1DC199F000B5C558 /* qqhe.jpg */; };
		7AA733481DC199F000B5C558 /* shmj.jpg in Resources */ = {isa = PBXBuildFile; fileRef = 7AA7331F1DC199F000B5C558 /* shmj.jpg */; };
		7AA733491DC199F000B5C558 /* thjmj.png in Resources */ = {isa = PBXBuildFile; fileRef = 7AA733201DC199F000B5C558 /* thjmj.png */; };
		7AA7334A1DC199F000B5C558 /* ttmj.jpg in Resources */ = {isa = PBXBuildFile; fileRef = 7AA733211DC199F000B5C558 /* ttmj.jpg */; };
		7AA7334B1DC199F000B5C558 /* xdyx.jpg in Resources */ = {isa = PBXBuildFile; fileRef = 7AA733221DC199F000B5C558 /* xdyx.jpg */; };
		7AA7334C1DC199F000B5C558 /* xlhsz.jpg in Resources */ = {isa = PBXBuildFile; fileRef = 7AA733231DC199F000B5C558 /* xlhsz.jpg */; };
		7AA7334D1DC199F000B5C558 /* xlyx.jpeg in Resources */ = {isa = PBXBuildFile; fileRef = 7AA733241DC199F000B5C558 /* xlyx.jpeg */; };
		7AA7334E1DC199F000B5C558 /* xqw.jpg in Resources */ = {isa = PBXBuildFile; fileRef = 7AA733251DC199F000B5C558 /* xqw.jpg */; };
		7AA7334F1DC199F000B5C558 /* xymj.png in Resources */ = {isa = PBXBuildFile; fileRef = 7AA733261DC199F000B5C558 /* xymj.png */; };
		7AA733501DC199F000B5C558 /* xyyx.jpg in Resources */ = {isa = PBXBuildFile; fileRef = 7AA733271DC199F000B5C558 /* xyyx.jpg */; };
		7AA733511DC199F000B5C558 /* ylyx.jpg in Resources */ = {isa = PBXBuildFile; fileRef = 7AA733281DC199F000B5C558 /* ylyx.jpg */; };
		7AA733521DC199F000B5C558 /* yyyx.png in Resources */ = {isa = PBXBuildFile; fileRef = 7AA733291DC199F000B5C558 /* yyyx.png */; };
		7AA733531DC199F000B5C558 /* zhuzhi.jpg in Resources */ = {isa = PBXBuildFile; fileRef = 7AA7332A1DC199F000B5C558 /* zhuzhi.jpg */; };
		7AE74F441DC18EE30045343D /* MainViewController.m in Sources */ = {isa = PBXBuildFile; fileRef = 7AE74F431DC18EE30045343D /* MainViewController.m */; };
/* End PBXBuildFile section */

/* Begin PBXContainerItemProxy section */
		7A4840001DC0AE3000A4F211 /* PBXContainerItemProxy */ = {
			isa = PBXContainerItemProxy;
			containerPortal = 7A483FDE1DC0AE3000A4F211 /* Project object */;
			proxyType = 1;
			remoteGlobalIDString = 7A483FE51DC0AE3000A4F211;
			remoteInfo = MaqueBeta;
		};
		7A48400B1DC0AE3000A4F211 /* PBXContainerItemProxy */ = {
			isa = PBXContainerItemProxy;
			containerPortal = 7A483FDE1DC0AE3000A4F211 /* Project object */;
			proxyType = 1;
			remoteGlobalIDString = 7A483FE51DC0AE3000A4F211;
			remoteInfo = MaqueBeta;
		};
/* End PBXContainerItemProxy section */

/* Begin PBXFileReference section */
		7A483FE61DC0AE3000A4F211 /* MaqueBeta.app */ = {isa = PBXFileReference; explicitFileType = wrapper.application; includeInIndex = 0; path = MaqueBeta.app; sourceTree = BUILT_PRODUCTS_DIR; };
		7A483FEA1DC0AE3000A4F211 /* main.m */ = {isa = PBXFileReference; lastKnownFileType = sourcecode.c.objc; path = main.m; sourceTree = "<group>"; };
		7A483FEC1DC0AE3000A4F211 /* AppDelegate.h */ = {isa = PBXFileReference; lastKnownFileType = sourcecode.c.h; path = AppDelegate.h; sourceTree = "<group>"; };
		7A483FED1DC0AE3000A4F211 /* AppDelegate.m */ = {isa = PBXFileReference; lastKnownFileType = sourcecode.c.objc; path = AppDelegate.m; sourceTree = "<group>"; };
		7A483FEF1DC0AE3000A4F211 /* ViewController.h */ = {isa = PBXFileReference; lastKnownFileType = sourcecode.c.h; path = ViewController.h; sourceTree = "<group>"; };
		7A483FF01DC0AE3000A4F211 /* ViewController.m */ = {isa = PBXFileReference; lastKnownFileType = sourcecode.c.objc; path = ViewController.m; sourceTree = "<group>"; };
		7A483FF31DC0AE3000A4F211 /* Base */ = {isa = PBXFileReference; lastKnownFileType = file.storyboard; name = Base; path = Base.lproj/Main.storyboard; sourceTree = "<group>"; };
		7A483FF51DC0AE3000A4F211 /* Assets.xcassets */ = {isa = PBXFileReference; lastKnownFileType = folder.assetcatalog; path = Assets.xcassets; sourceTree = "<group>"; };
		7A483FF81DC0AE3000A4F211 /* Base */ = {isa = PBXFileReference; lastKnownFileType = file.storyboard; name = Base; path = Base.lproj/LaunchScreen.storyboard; sourceTree = "<group>"; };
		7A483FFA1DC0AE3000A4F211 /* Info.plist */ = {isa = PBXFileReference; lastKnownFileType = text.plist.xml; path = Info.plist; sourceTree = "<group>"; };
		7A483FFF1DC0AE3000A4F211 /* MaqueBetaTests.xctest */ = {isa = PBXFileReference; explicitFileType = wrapper.cfbundle; includeInIndex = 0; path = MaqueBetaTests.xctest; sourceTree = BUILT_PRODUCTS_DIR; };
		7A4840031DC0AE3000A4F211 /* MaqueBetaTests.m */ = {isa = PBXFileReference; lastKnownFileType = sourcecode.c.objc; path = MaqueBetaTests.m; sourceTree = "<group>"; };
		7A4840051DC0AE3000A4F211 /* Info.plist */ = {isa = PBXFileReference; lastKnownFileType = text.plist.xml; path = Info.plist; sourceTree = "<group>"; };
		7A48400A1DC0AE3000A4F211 /* MaqueBetaUITests.xctest */ = {isa = PBXFileReference; explicitFileType = wrapper.cfbundle; includeInIndex = 0; path = MaqueBetaUITests.xctest; sourceTree = BUILT_PRODUCTS_DIR; };
		7A48400E1DC0AE3000A4F211 /* MaqueBetaUITests.m */ = {isa = PBXFileReference; lastKnownFileType = sourcecode.c.objc; path = MaqueBetaUITests.m; sourceTree = "<group>"; };
		7A4840101DC0AE3000A4F211 /* Info.plist */ = {isa = PBXFileReference; lastKnownFileType = text.plist.xml; path = Info.plist; sourceTree = "<group>"; };
		7A48401D1DC0AEAC00A4F211 /* .project */ = {isa = PBXFileReference; fileEncoding = 4; lastKnownFileType = text.xml; path = .project; sourceTree = "<group>"; };
		7A48401E1DC0AEAC00A4F211 /* config.xml */ = {isa = PBXFileReference; fileEncoding = 4; lastKnownFileType = text.xml; path = config.xml; sourceTree = "<group>"; };
		7A4840201DC0AEAC00A4F211 /* api.css */ = {isa = PBXFileReference; fileEncoding = 4; lastKnownFileType = text.css; path = api.css; sourceTree = "<group>"; };
		7A4840211DC0AEAC00A4F211 /* aui-calendar-slide.css */ = {isa = PBXFileReference; fileEncoding = 4; lastKnownFileType = text.css; path = "aui-calendar-slide.css"; sourceTree = "<group>"; };
		7A4840221DC0AEAC00A4F211 /* aui-calendar.css */ = {isa = PBXFileReference; fileEncoding = 4; lastKnownFileType = text.css; path = "aui-calendar.css"; sourceTree = "<group>"; };
		7A4840231DC0AEAC00A4F211 /* aui-slider-up.css */ = {isa = PBXFileReference; fileEncoding = 4; lastKnownFileType = text.css; path = "aui-slider-up.css"; sourceTree = "<group>"; };
		7A4840241DC0AEAC00A4F211 /* aui-win.css */ = {isa = PBXFileReference; fileEncoding = 4; lastKnownFileType = text.css; path = "aui-win.css"; sourceTree = "<group>"; };
		7A4840251DC0AEAC00A4F211 /* aui.css */ = {isa = PBXFileReference; fileEncoding = 4; lastKnownFileType = text.css; path = aui.css; sourceTree = "<group>"; };
		7A4840261DC0AEAC00A4F211 /* aui_iconfont.ttf */ = {isa = PBXFileReference; lastKnownFileType = file; path = aui_iconfont.ttf; sourceTree = "<group>"; };
		7A4840271DC0AEAC00A4F211 /* ionic.css */ = {isa = PBXFileReference; fileEncoding = 4; lastKnownFileType = text.css; path = ionic.css; sourceTree = "<group>"; };
		7A48402A1DC0AEAC00A4F211 /* bwjqr.html */ = {isa = PBXFileReference; fileEncoding = 4; lastKnownFileType = text.html; path = bwjqr.html; sourceTree = "<group>"; };
		7A48402B1DC0AEAC00A4F211 /* function.html */ = {isa = PBXFileReference; fileEncoding = 4; lastKnownFileType = text.html; path = function.html; sourceTree = "<group>"; };
		7A48402C1DC0AEAC00A4F211 /* function_d.html */ = {isa = PBXFileReference; fileEncoding = 4; lastKnownFileType = text.html; path = function_d.html; sourceTree = "<group>"; };
		7A48402D1DC0AEAC00A4F211 /* jihuo.html */ = {isa = PBXFileReference; fileEncoding = 4; lastKnownFileType = text.html; path = jihuo.html; sourceTree = "<group>"; };
		7A48402E1DC0AEAC00A4F211 /* jihuo_d.html */ = {isa = PBXFileReference; fileEncoding = 4; lastKnownFileType = text.html; path = jihuo_d.html; sourceTree = "<group>"; };
		7A48402F1DC0AEAC00A4F211 /* lianxi.html */ = {isa = PBXFileReference; fileEncoding = 4; lastKnownFileType = text.html; path = lianxi.html; sourceTree = "<group>"; };
		7A4840301DC0AEAC00A4F211 /* lianxi_d.html */ = {isa = PBXFileReference; fileEncoding = 4; lastKnownFileType = text.html; path = lianxi_d.html; sourceTree = "<group>"; };
		7A4840311DC0AEAC00A4F211 /* main.html */ = {isa = PBXFileReference; fileEncoding = 4; lastKnownFileType = text.html; path = main.html; sourceTree = "<group>"; };
		7A4840321DC0AEAC00A4F211 /* qpyx.html */ = {isa = PBXFileReference; fileEncoding = 4; lastKnownFileType = text.html; path = qpyx.html; sourceTree = "<group>"; };
		7A4840331DC0AEAC00A4F211 /* shezhi.html */ = {isa = PBXFileReference; fileEncoding = 4; lastKnownFileType = text.html; path = shezhi.html; sourceTree = "<group>"; };
		7A4840351DC0AEAC00A4F211 /* icon150x150.png */ = {isa = PBXFileReference; lastKnownFileType = image.png; path = icon150x150.png; sourceTree = "<group>"; };
		7A4840601DC0AEAC00A4F211 /* index.html */ = {isa = PBXFileReference; fileEncoding = 4; lastKnownFileType = text.html; path = index.html; sourceTree = "<group>"; };
		7A4840621DC0AEAC00A4F211 /* launch1080x1920.png */ = {isa = PBXFileReference; lastKnownFileType = image.png; path = launch1080x1920.png; sourceTree = "<group>"; };
		7A4840651DC0AEAC00A4F211 /* api.js */ = {isa = PBXFileReference; fileEncoding = 4; lastKnownFileType = sourcecode.javascript; path = api.js; sourceTree = "<group>"; };
		7A4840661DC0AEAC00A4F211 /* jquery-2.1.4.min.js */ = {isa = PBXFileReference; fileEncoding = 4; lastKnownFileType = sourcecode.javascript; path = "jquery-2.1.4.min.js"; sourceTree = "<group>"; };
		7A9544511DCB249B0001D820 /* jms.png */ = {isa = PBXFileReference; lastKnownFileType = image.png; path = jms.png; sourceTree = "<group>"; };
		7A9544531DCB277D0001D820 /* hlmj.png */ = {isa = PBXFileReference; lastKnownFileType = image.png; path = hlmj.png; sourceTree = "<group>"; };
		7AA733021DC199F000B5C558 /* 1.png */ = {isa = PBXFileReference; lastKnownFileType = image.png; path = 1.png; sourceTree = "<group>"; };
		7AA733031DC199F000B5C558 /* 2.png */ = {isa = PBXFileReference; lastKnownFileType = image.png; path = 2.png; sourceTree = "<group>"; };
		7AA733041DC199F000B5C558 /* 3.png */ = {isa = PBXFileReference; lastKnownFileType = image.png; path = 3.png; sourceTree = "<group>"; };
		7AA733051DC199F000B5C558 /* 4.png */ = {isa = PBXFileReference; lastKnownFileType = image.png; path = 4.png; sourceTree = "<group>"; };
		7AA733061DC199F000B5C558 /* 5.png */ = {isa = PBXFileReference; lastKnownFileType = image.png; path = 5.png; sourceTree = "<group>"; };
		7AA733071DC199F000B5C558 /* 6.png */ = {isa = PBXFileReference; lastKnownFileType = image.png; path = 6.png; sourceTree = "<group>"; };
		7AA733081DC199F000B5C558 /* 7.png */ = {isa = PBXFileReference; lastKnownFileType = image.png; path = 7.png; sourceTree = "<group>"; };
		7AA733091DC199F000B5C558 /* 8.png */ = {isa = PBXFileReference; lastKnownFileType = image.png; path = 8.png; sourceTree = "<group>"; };
		7AA7330A1DC199F000B5C558 /* 9.png */ = {isa = PBXFileReference; lastKnownFileType = image.png; path = 9.png; sourceTree = "<group>"; };
		7AA7330B1DC199F000B5C558 /* 10.png */ = {isa = PBXFileReference; lastKnownFileType = image.png; path = 10.png; sourceTree = "<group>"; };
		7AA7330C1DC199F000B5C558 /* 11.png */ = {isa = PBXFileReference; lastKnownFileType = image.png; path = 11.png; sourceTree = "<group>"; };
		7AA7330D1DC199F000B5C558 /* 12.png */ = {isa = PBXFileReference; lastKnownFileType = image.png; path = 12.png; sourceTree = "<group>"; };
		7AA7330E1DC199F000B5C558 /* 52xd.jpg */ = {isa = PBXFileReference; lastKnownFileType = image.jpeg; path = 52xd.jpg; sourceTree = "<group>"; };
		7AA7330F1DC199F000B5C558 /* dtyx.jpg */ = {isa = PBXFileReference; lastKnownFileType = image.jpeg; path = dtyx.jpg; sourceTree = "<group>"; };
		7AA733101DC199F000B5C558 /* dymj.png */ = {isa = PBXFileReference; lastKnownFileType = image.png; path = dymj.png; sourceTree = "<group>"; };
		7AA733111DC199F000B5C558 /* ewm.jpg */ = {isa = PBXFileReference; lastKnownFileType = image.jpeg; path = ewm.jpg; sourceTree = "<group>"; };
		7AA733121DC199F000B5C558 /* gg.png */ = {isa = PBXFileReference; lastKnownFileType = image.png; path = gg.png; sourceTree = "<group>"; };
		7AA733131DC199F000B5C558 /* hhmj.png */ = {isa = PBXFileReference; lastKnownFileType = image.png; path = hhmj.png; sourceTree = "<group>"; };
		7AA733141DC199F000B5C558 /* hsyx.png */ = {isa = PBXFileReference; lastKnownFileType = image.png; path = hsyx.png; sourceTree = "<group>"; };
		7AA733151DC199F000B5C558 /* hzmj.jpg */ = {isa = PBXFileReference; lastKnownFileType = image.jpeg; path = hzmj.jpg; sourceTree = "<group>"; };
		7AA733171DC199F000B5C558 /* ks_btn.png */ = {isa = PBXFileReference; lastKnownFileType = image.png; path = ks_btn.png; sourceTree = "<group>"; };
		7AA733181DC199F000B5C558 /* loading_more.gif */ = {isa = PBXFileReference; lastKnownFileType = image.gif; path = loading_more.gif; sourceTree = "<group>"; };
		7AA733191DC199F000B5C558 /* logo_d.png */ = {isa = PBXFileReference; lastKnownFileType = image.png; path = logo_d.png; sourceTree = "<group>"; };
		7AA7331A1DC199F000B5C558 /* myq.jpg */ = {isa = PBXFileReference; lastKnownFileType = image.jpeg; path = myq.jpg; sourceTree = "<group>"; };
		7AA7331B1DC199F000B5C558 /* pjhz.png */ = {isa = PBXFileReference; lastKnownFileType = image.png; path = pjhz.png; sourceTree = "<group>"; };
		7AA7331C1DC199F000B5C558 /* ppmj.png */ = {isa = PBXFileReference; lastKnownFileType = image.png; path = ppmj.png; sourceTree = "<group>"; };
		7AA7331D1DC199F000B5C558 /* qppk.png */ = {isa = PBXFileReference; lastKnownFileType = image.png; path = qppk.png; sourceTree = "<group>"; };
		7AA7331E1DC199F000B5C558 /* qqhe.jpg */ = {isa = PBXFileReference; lastKnownFileType = image.jpeg; path = qqhe.jpg; sourceTree = "<group>"; };
		7AA7331F1DC199F000B5C558 /* shmj.jpg */ = {isa = PBXFileReference; lastKnownFileType = image.jpeg; path = shmj.jpg; sourceTree = "<group>"; };
		7AA733201DC199F000B5C558 /* thjmj.png */ = {isa = PBXFileReference; lastKnownFileType = image.png; path = thjmj.png; sourceTree = "<group>"; };
		7AA733211DC199F000B5C558 /* ttmj.jpg */ = {isa = PBXFileReference; lastKnownFileType = image.jpeg; path = ttmj.jpg; sourceTree = "<group>"; };
		7AA733221DC199F000B5C558 /* xdyx.jpg */ = {isa = PBXFileReference; lastKnownFileType = image.jpeg; path = xdyx.jpg; sourceTree = "<group>"; };
		7AA733231DC199F000B5C558 /* xlhsz.jpg */ = {isa = PBXFileReference; lastKnownFileType = image.jpeg; path = xlhsz.jpg; sourceTree = "<group>"; };
		7AA733241DC199F000B5C558 /* xlyx.jpeg */ = {isa = PBXFileReference; lastKnownFileType = image.jpeg; path = xlyx.jpeg; sourceTree = "<group>"; };
		7AA733251DC199F000B5C558 /* xqw.jpg */ = {isa = PBXFileReference; lastKnownFileType = image.jpeg; path = xqw.jpg; sourceTree = "<group>"; };
		7AA733261DC199F000B5C558 /* xymj.png */ = {isa = PBXFileReference; lastKnownFileType = image.png; path = xymj.png; sourceTree = "<group>"; };
		7AA733271DC199F000B5C558 /* xyyx.jpg */ = {isa = PBXFileReference; lastKnownFileType = image.jpeg; path = xyyx.jpg; sourceTree = "<group>"; };
		7AA733281DC199F000B5C558 /* ylyx.jpg */ = {isa = PBXFileReference; lastKnownFileType = image.jpeg; path = ylyx.jpg; sourceTree = "<group>"; };
		7AA733291DC199F000B5C558 /* yyyx.png */ = {isa = PBXFileReference; lastKnownFileType = image.png; path = yyyx.png; sourceTree = "<group>"; };
		7AA7332A1DC199F000B5C558 /* zhuzhi.jpg */ = {isa = PBXFileReference; lastKnownFileType = image.jpeg; path = zhuzhi.jpg; sourceTree = "<group>"; };
		7AE74F421DC18EE30045343D /* MainViewController.h */ = {isa = PBXFileReference; fileEncoding = 4; lastKnownFileType = sourcecode.c.h; path = MainViewController.h; sourceTree = "<group>"; };
		7AE74F431DC18EE30045343D /* MainViewController.m */ = {isa = PBXFileReference; fileEncoding = 4; lastKnownFileType = sourcecode.c.objc; path = MainViewController.m; sourceTree = "<group>"; };
/* End PBXFileReference section */

/* Begin PBXFrameworksBuildPhase section */
		7A483FE31DC0AE3000A4F211 /* Frameworks */ = {
			isa = PBXFrameworksBuildPhase;
			buildActionMask = 2147483647;
			files = (
			);
			runOnlyForDeploymentPostprocessing = 0;
		};
		7A483FFC1DC0AE3000A4F211 /* Frameworks */ = {
			isa = PBXFrameworksBuildPhase;
			buildActionMask = 2147483647;
			files = (
			);
			runOnlyForDeploymentPostprocessing = 0;
		};
		7A4840071DC0AE3000A4F211 /* Frameworks */ = {
			isa = PBXFrameworksBuildPhase;
			buildActionMask = 2147483647;
			files = (
			);
			runOnlyForDeploymentPostprocessing = 0;
		};
/* End PBXFrameworksBuildPhase section */

/* Begin PBXGroup section */
		7A483FDD1DC0AE3000A4F211 = {
			isa = PBXGroup;
			children = (
				7A48401C1DC0AEAC00A4F211 /* widget */,
				7A483FE81DC0AE3000A4F211 /* MaqueBeta */,
				7A4840021DC0AE3000A4F211 /* MaqueBetaTests */,
				7A48400D1DC0AE3000A4F211 /* MaqueBetaUITests */,
				7A483FE71DC0AE3000A4F211 /* Products */,
			);
			sourceTree = "<group>";
		};
		7A483FE71DC0AE3000A4F211 /* Products */ = {
			isa = PBXGroup;
			children = (
				7A483FE61DC0AE3000A4F211 /* MaqueBeta.app */,
				7A483FFF1DC0AE3000A4F211 /* MaqueBetaTests.xctest */,
				7A48400A1DC0AE3000A4F211 /* MaqueBetaUITests.xctest */,
			);
			name = Products;
			sourceTree = "<group>";
		};
		7A483FE81DC0AE3000A4F211 /* MaqueBeta */ = {
			isa = PBXGroup;
			children = (
				7A483FEC1DC0AE3000A4F211 /* AppDelegate.h */,
				7A483FED1DC0AE3000A4F211 /* AppDelegate.m */,
				7A483FEF1DC0AE3000A4F211 /* ViewController.h */,
				7A483FF01DC0AE3000A4F211 /* ViewController.m */,
				7AE74F421DC18EE30045343D /* MainViewController.h */,
				7AE74F431DC18EE30045343D /* MainViewController.m */,
				7A483FF21DC0AE3000A4F211 /* Main.storyboard */,
				7A483FF51DC0AE3000A4F211 /* Assets.xcassets */,
				7A483FF71DC0AE3000A4F211 /* LaunchScreen.storyboard */,
				7A483FFA1DC0AE3000A4F211 /* Info.plist */,
				7A483FE91DC0AE3000A4F211 /* Supporting Files */,
			);
			path = MaqueBeta;
			sourceTree = "<group>";
		};
		7A483FE91DC0AE3000A4F211 /* Supporting Files */ = {
			isa = PBXGroup;
			children = (
				7A483FEA1DC0AE3000A4F211 /* main.m */,
			);
			name = "Supporting Files";
			sourceTree = "<group>";
		};
		7A4840021DC0AE3000A4F211 /* MaqueBetaTests */ = {
			isa = PBXGroup;
			children = (
				7A4840031DC0AE3000A4F211 /* MaqueBetaTests.m */,
				7A4840051DC0AE3000A4F211 /* Info.plist */,
			);
			path = MaqueBetaTests;
			sourceTree = "<group>";
		};
		7A48400D1DC0AE3000A4F211 /* MaqueBetaUITests */ = {
			isa = PBXGroup;
			children = (
				7A48400E1DC0AE3000A4F211 /* MaqueBetaUITests.m */,
				7A4840101DC0AE3000A4F211 /* Info.plist */,
			);
			path = MaqueBetaUITests;
			sourceTree = "<group>";
		};
		7A48401C1DC0AEAC00A4F211 /* widget */ = {
			isa = PBXGroup;
			children = (
				7A48401D1DC0AEAC00A4F211 /* .project */,
				7A48401E1DC0AEAC00A4F211 /* config.xml */,
				7A48401F1DC0AEAC00A4F211 /* css */,
				7A4840281DC0AEAC00A4F211 /* feature */,
				7A4840291DC0AEAC00A4F211 /* html */,
				7A4840341DC0AEAC00A4F211 /* icon */,
				7A4840361DC0AEAC00A4F211 /* image */,
				7A4840601DC0AEAC00A4F211 /* index.html */,
				7A4840611DC0AEAC00A4F211 /* launch */,
				7A4840631DC0AEAC00A4F211 /* res */,
				7A4840641DC0AEAC00A4F211 /* script */,
				7A4840671DC0AEAC00A4F211 /* wgt */,
			);
			path = widget;
			sourceTree = "<group>";
		};
		7A48401F1DC0AEAC00A4F211 /* css */ = {
			isa = PBXGroup;
			children = (
				7A4840201DC0AEAC00A4F211 /* api.css */,
				7A4840211DC0AEAC00A4F211 /* aui-calendar-slide.css */,
				7A4840221DC0AEAC00A4F211 /* aui-calendar.css */,
				7A4840231DC0AEAC00A4F211 /* aui-slider-up.css */,
				7A4840241DC0AEAC00A4F211 /* aui-win.css */,
				7A4840251DC0AEAC00A4F211 /* aui.css */,
				7A4840261DC0AEAC00A4F211 /* aui_iconfont.ttf */,
				7A4840271DC0AEAC00A4F211 /* ionic.css */,
			);
			path = css;
			sourceTree = "<group>";
		};
		7A4840281DC0AEAC00A4F211 /* feature */ = {
			isa = PBXGroup;
			children = (
			);
			path = feature;
			sourceTree = "<group>";
		};
		7A4840291DC0AEAC00A4F211 /* html */ = {
			isa = PBXGroup;
			children = (
				7A48402A1DC0AEAC00A4F211 /* bwjqr.html */,
				7A48402B1DC0AEAC00A4F211 /* function.html */,
				7A48402C1DC0AEAC00A4F211 /* function_d.html */,
				7A48402D1DC0AEAC00A4F211 /* jihuo.html */,
				7A48402E1DC0AEAC00A4F211 /* jihuo_d.html */,
				7A48402F1DC0AEAC00A4F211 /* lianxi.html */,
				7A4840301DC0AEAC00A4F211 /* lianxi_d.html */,
				7A4840311DC0AEAC00A4F211 /* main.html */,
				7A4840321DC0AEAC00A4F211 /* qpyx.html */,
				7A4840331DC0AEAC00A4F211 /* shezhi.html */,
			);
			path = html;
			sourceTree = "<group>";
		};
		7A4840341DC0AEAC00A4F211 /* icon */ = {
			isa = PBXGroup;
			children = (
				7A4840351DC0AEAC00A4F211 /* icon150x150.png */,
			);
			path = icon;
			sourceTree = "<group>";
		};
		7A4840361DC0AEAC00A4F211 /* image */ = {
			isa = PBXGroup;
			children = (
				7A9544531DCB277D0001D820 /* hlmj.png */,
				7A9544511DCB249B0001D820 /* jms.png */,
				7AA733021DC199F000B5C558 /* 1.png */,
				7AA733031DC199F000B5C558 /* 2.png */,
				7AA733041DC199F000B5C558 /* 3.png */,
				7AA733051DC199F000B5C558 /* 4.png */,
				7AA733061DC199F000B5C558 /* 5.png */,
				7AA733071DC199F000B5C558 /* 6.png */,
				7AA733081DC199F000B5C558 /* 7.png */,
				7AA733091DC199F000B5C558 /* 8.png */,
				7AA7330A1DC199F000B5C558 /* 9.png */,
				7AA7330B1DC199F000B5C558 /* 10.png */,
				7AA7330C1DC199F000B5C558 /* 11.png */,
				7AA7330D1DC199F000B5C558 /* 12.png */,
				7AA7330E1DC199F000B5C558 /* 52xd.jpg */,
				7AA7330F1DC199F000B5C558 /* dtyx.jpg */,
				7AA733101DC199F000B5C558 /* dymj.png */,
				7AA733111DC199F000B5C558 /* ewm.jpg */,
				7AA733121DC199F000B5C558 /* gg.png */,
				7AA733131DC199F000B5C558 /* hhmj.png */,
				7AA733141DC199F000B5C558 /* hsyx.png */,
				7AA733151DC199F000B5C558 /* hzmj.jpg */,
				7AA733171DC199F000B5C558 /* ks_btn.png */,
				7AA733181DC199F000B5C558 /* loading_more.gif */,
				7AA733191DC199F000B5C558 /* logo_d.png */,
				7AA7331A1DC199F000B5C558 /* myq.jpg */,
				7AA7331B1DC199F000B5C558 /* pjhz.png */,
				7AA7331C1DC199F000B5C558 /* ppmj.png */,
				7AA7331D1DC199F000B5C558 /* qppk.png */,
				7AA7331E1DC199F000B5C558 /* qqhe.jpg */,
				7AA7331F1DC199F000B5C558 /* shmj.jpg */,
				7AA733201DC199F000B5C558 /* thjmj.png */,
				7AA733211DC199F000B5C558 /* ttmj.jpg */,
				7AA733221DC199F000B5C558 /* xdyx.jpg */,
				7AA733231DC199F000B5C558 /* xlhsz.jpg */,
				7AA733241DC199F000B5C558 /* xlyx.jpeg */,
				7AA733251DC199F000B5C558 /* xqw.jpg */,
				7AA733261DC199F000B5C558 /* xymj.png */,
				7AA733271DC199F000B5C558 /* xyyx.jpg */,
				7AA733281DC199F000B5C558 /* ylyx.jpg */,
				7AA733291DC199F000B5C558 /* yyyx.png */,
				7AA7332A1DC199F000B5C558 /* zhuzhi.jpg */,
			);
			path = image;
			sourceTree = "<group>";
		};
		7A4840611DC0AEAC00A4F211 /* launch */ = {
			isa = PBXGroup;
			children = (
				7A4840621DC0AEAC00A4F211 /* launch1080x1920.png */,
			);
			path = launch;
			sourceTree = "<group>";
		};
		7A4840631DC0AEAC00A4F211 /* res */ = {
			isa = PBXGroup;
			children = (
			);
			path = res;
			sourceTree = "<group>";
		};
		7A4840641DC0AEAC00A4F211 /* script */ = {
			isa = PBXGroup;
			children = (
				7A4840651DC0AEAC00A4F211 /* api.js */,
				7A4840661DC0AEAC00A4F211 /* jquery-2.1.4.min.js */,
			);
			path = script;
			sourceTree = "<group>";
		};
		7A4840671DC0AEAC00A4F211 /* wgt */ = {
			isa = PBXGroup;
			children = (
			);
			path = wgt;
			sourceTree = "<group>";
		};
/* End PBXGroup section */

/* Begin PBXNativeTarget section */
		7A483FE51DC0AE3000A4F211 /* MaqueBeta */ = {
			isa = PBXNativeTarget;
			buildConfigurationList = 7A4840131DC0AE3000A4F211 /* Build configuration list for PBXNativeTarget "MaqueBeta" */;
			buildPhases = (
				7A483FE21DC0AE3000A4F211 /* Sources */,
				7A483FE31DC0AE3000A4F211 /* Frameworks */,
				7A483FE41DC0AE3000A4F211 /* Resources */,
			);
			buildRules = (
			);
			dependencies = (
			);
			name = MaqueBeta;
			productName = MaqueBeta;
			productReference = 7A483FE61DC0AE3000A4F211 /* MaqueBeta.app */;
			productType = "com.apple.product-type.application";
		};
		7A483FFE1DC0AE3000A4F211 /* MaqueBetaTests */ = {
			isa = PBXNativeTarget;
			buildConfigurationList = 7A4840161DC0AE3000A4F211 /* Build configuration list for PBXNativeTarget "MaqueBetaTests" */;
			buildPhases = (
				7A483FFB1DC0AE3000A4F211 /* Sources */,
				7A483FFC1DC0AE3000A4F211 /* Frameworks */,
				7A483FFD1DC0AE3000A4F211 /* Resources */,
			);
			buildRules = (
			);
			dependencies = (
				7A4840011DC0AE3000A4F211 /* PBXTargetDependency */,
			);
			name = MaqueBetaTests;
			productName = MaqueBetaTests;
			productReference = 7A483FFF1DC0AE3000A4F211 /* MaqueBetaTests.xctest */;
			productType = "com.apple.product-type.bundle.unit-test";
		};
		7A4840091DC0AE3000A4F211 /* MaqueBetaUITests */ = {
			isa = PBXNativeTarget;
			buildConfigurationList = 7A4840191DC0AE3000A4F211 /* Build configuration list for PBXNativeTarget "MaqueBetaUITests" */;
			buildPhases = (
				7A4840061DC0AE3000A4F211 /* Sources */,
				7A4840071DC0AE3000A4F211 /* Frameworks */,
				7A4840081DC0AE3000A4F211 /* Resources */,
			);
			buildRules = (
			);
			dependencies = (
				7A48400C1DC0AE3000A4F211 /* PBXTargetDependency */,
			);
			name = MaqueBetaUITests;
			productName = MaqueBetaUITests;
			productReference = 7A48400A1DC0AE3000A4F211 /* MaqueBetaUITests.xctest */;
			productType = "com.apple.product-type.bundle.ui-testing";
		};
/* End PBXNativeTarget section */

/* Begin PBXProject section */
		7A483FDE1DC0AE3000A4F211 /* Project object */ = {
			isa = PBXProject;
			attributes = {
				LastUpgradeCheck = 0800;
				ORGANIZATIONNAME = fred;
				TargetAttributes = {
					7A483FE51DC0AE3000A4F211 = {
						CreatedOnToolsVersion = 8.0;
						DevelopmentTeam = 2U43YUHX3N;
						ProvisioningStyle = Automatic;
					};
					7A483FFE1DC0AE3000A4F211 = {
						CreatedOnToolsVersion = 8.0;
						DevelopmentTeam = 2U43YUHX3N;
						ProvisioningStyle = Automatic;
						TestTargetID = 7A483FE51DC0AE3000A4F211;
					};
					7A4840091DC0AE3000A4F211 = {
						CreatedOnToolsVersion = 8.0;
						DevelopmentTeam = 2U43YUHX3N;
						ProvisioningStyle = Automatic;
						TestTargetID = 7A483FE51DC0AE3000A4F211;
					};
				};
			};
			buildConfigurationList = 7A483FE11DC0AE3000A4F211 /* Build configuration list for PBXProject "MaqueBeta" */;
			compatibilityVersion = "Xcode 3.2";
			developmentRegion = English;
			hasScannedForEncodings = 0;
			knownRegions = (
				en,
				Base,
			);
			mainGroup = 7A483FDD1DC0AE3000A4F211;
			productRefGroup = 7A483FE71DC0AE3000A4F211 /* Products */;
			projectDirPath = "";
			projectRoot = "";
			targets = (
				7A483FE51DC0AE3000A4F211 /* MaqueBeta */,
				7A483FFE1DC0AE3000A4F211 /* MaqueBetaTests */,
				7A4840091DC0AE3000A4F211 /* MaqueBetaUITests */,
			);
		};
/* End PBXProject section */

/* Begin PBXResourcesBuildPhase section */
		7A483FE41DC0AE3000A4F211 /* Resources */ = {
			isa = PBXResourcesBuildPhase;
			buildActionMask = 2147483647;
			files = (
				7AA7332F1DC199F000B5C558 /* 5.png in Resources */,
				7A48406A1DC0AEAC00A4F211 /* api.css in Resources */,
				7A48407B1DC0AEAC00A4F211 /* shezhi.html in Resources */,
				7A4840731DC0AEAC00A4F211 /* function.html in Resources */,
				7A4840A71DC0AEAC00A4F211 /* launch1080x1920.png in Resources */,
				7AA733431DC199F000B5C558 /* myq.jpg in Resources */,
				7A9544521DCB249B0001D820 /* jms.png in Resources */,
				7AA733421DC199F000B5C558 /* logo_d.png in Resources */,
				7AA733471DC199F000B5C558 /* qqhe.jpg in Resources */,
				7AA733331DC199F000B5C558 /* 9.png in Resources */,
				7AA733391DC199F000B5C558 /* dymj.png in Resources */,
				7AA7333A1DC199F000B5C558 /* ewm.jpg in Resources */,
				7A4840721DC0AEAC00A4F211 /* bwjqr.html in Resources */,
				7AA733301DC199F000B5C558 /* 6.png in Resources */,
				7AA733521DC199F000B5C558 /* yyyx.png in Resources */,
				7A48406D1DC0AEAC00A4F211 /* aui-slider-up.css in Resources */,
				7A9544541DCB277E0001D820 /* hlmj.png in Resources */,
				7A4840781DC0AEAC00A4F211 /* lianxi_d.html in Resources */,
				7AA7334B1DC199F000B5C558 /* xdyx.jpg in Resources */,
				7AA733531DC199F000B5C558 /* zhuzhi.jpg in Resources */,
				7A483FF91DC0AE3000A4F211 /* LaunchScreen.storyboard in Resources */,
				7A48407C1DC0AEAC00A4F211 /* icon150x150.png in Resources */,
				7AA733371DC199F000B5C558 /* 52xd.jpg in Resources */,
				7AA7334D1DC199F000B5C558 /* xlyx.jpeg in Resources */,
				7A48407A1DC0AEAC00A4F211 /* qpyx.html in Resources */,
				7AA7334E1DC199F000B5C558 /* xqw.jpg in Resources */,
				7AA7333E1DC199F000B5C558 /* hzmj.jpg in Resources */,
				7AA733351DC199F000B5C558 /* 11.png in Resources */,
				7AA733501DC199F000B5C558 /* xyyx.jpg in Resources */,
				7A4840681DC0AEAC00A4F211 /* .project in Resources */,
				7A4840A81DC0AEAC00A4F211 /* api.js in Resources */,
				7AA7332E1DC199F000B5C558 /* 4.png in Resources */,
				7AA7332C1DC199F000B5C558 /* 2.png in Resources */,
				7A483FF61DC0AE3000A4F211 /* Assets.xcassets in Resources */,
				7AA733451DC199F000B5C558 /* ppmj.png in Resources */,
				7AA7333D1DC199F000B5C558 /* hsyx.png in Resources */,
				7AA733311DC199F000B5C558 /* 7.png in Resources */,
				7AA733361DC199F000B5C558 /* 12.png in Resources */,
				7AA733441DC199F000B5C558 /* pjhz.png in Resources */,
				7AA733461DC199F000B5C558 /* qppk.png in Resources */,
				7AA733381DC199F000B5C558 /* dtyx.jpg in Resources */,
				7A4840751DC0AEAC00A4F211 /* jihuo.html in Resources */,
				7A4840791DC0AEAC00A4F211 /* main.html in Resources */,
				7A4840711DC0AEAC00A4F211 /* ionic.css in Resources */,
				7AA7332D1DC199F000B5C558 /* 3.png in Resources */,
				7AA7334F1DC199F000B5C558 /* xymj.png in Resources */,
				7A4840A61DC0AEAC00A4F211 /* index.html in Resources */,
				7AA733491DC199F000B5C558 /* thjmj.png in Resources */,
				7AA7333C1DC199F000B5C558 /* hhmj.png in Resources */,
				7A4840771DC0AEAC00A4F211 /* lianxi.html in Resources */,
				7AA733321DC199F000B5C558 /* 8.png in Resources */,
				7A4840A91DC0AEAC00A4F211 /* jquery-2.1.4.min.js in Resources */,
				7A483FF41DC0AE3000A4F211 /* Main.storyboard in Resources */,
				7AA733401DC199F000B5C558 /* ks_btn.png in Resources */,
				7AA7334A1DC199F000B5C558 /* ttmj.jpg in Resources */,
				7A48406E1DC0AEAC00A4F211 /* aui-win.css in Resources */,
				7AA7334C1DC199F000B5C558 /* xlhsz.jpg in Resources */,
				7A48406C1DC0AEAC00A4F211 /* aui-calendar.css in Resources */,
				7AA7332B1DC199F000B5C558 /* 1.png in Resources */,
				7A4840741DC0AEAC00A4F211 /* function_d.html in Resources */,
				7A4840691DC0AEAC00A4F211 /* config.xml in Resources */,
				7A48406F1DC0AEAC00A4F211 /* aui.css in Resources */,
				7AA7333B1DC199F000B5C558 /* gg.png in Resources */,
				7A4840761DC0AEAC00A4F211 /* jihuo_d.html in Resources */,
				7AA733481DC199F000B5C558 /* shmj.jpg in Resources */,
				7AA733411DC199F000B5C558 /* loading_more.gif in Resources */,
				7AA733511DC199F000B5C558 /* ylyx.jpg in Resources */,
				7A4840701DC0AEAC00A4F211 /* aui_iconfont.ttf in Resources */,
				7AA733341DC199F000B5C558 /* 10.png in Resources */,
				7A48406B1DC0AEAC00A4F211 /* aui-calendar-slide.css in Resources */,
			);
			runOnlyForDeploymentPostprocessing = 0;
		};
		7A483FFD1DC0AE3000A4F211 /* Resources */ = {
			isa = PBXResourcesBuildPhase;
			buildActionMask = 2147483647;
			files = (
			);
			runOnlyForDeploymentPostprocessing = 0;
		};
		7A4840081DC0AE3000A4F211 /* Resources */ = {
			isa = PBXResourcesBuildPhase;
			buildActionMask = 2147483647;
			files = (
			);
			runOnlyForDeploymentPostprocessing = 0;
		};
/* End PBXResourcesBuildPhase section */

/* Begin PBXSourcesBuildPhase section */
		7A483FE21DC0AE3000A4F211 /* Sources */ = {
			isa = PBXSourcesBuildPhase;
			buildActionMask = 2147483647;
			files = (
				7A483FF11DC0AE3000A4F211 /* ViewController.m in Sources */,
				7A483FEE1DC0AE3000A4F211 /* AppDelegate.m in Sources */,
				7A483FEB1DC0AE3000A4F211 /* main.m in Sources */,
				7AE74F441DC18EE30045343D /* MainViewController.m in Sources */,
			);
			runOnlyForDeploymentPostprocessing = 0;
		};
		7A483FFB1DC0AE3000A4F211 /* Sources */ = {
			isa = PBXSourcesBuildPhase;
			buildActionMask = 2147483647;
			files = (
				7A4840041DC0AE3000A4F211 /* MaqueBetaTests.m in Sources */,
			);
			runOnlyForDeploymentPostprocessing = 0;
		};
		7A4840061DC0AE3000A4F211 /* Sources */ = {
			isa = PBXSourcesBuildPhase;
			buildActionMask = 2147483647;
			files = (
				7A48400F1DC0AE3000A4F211 /* MaqueBetaUITests.m in Sources */,
			);
			runOnlyForDeploymentPostprocessing = 0;
		};
/* End PBXSourcesBuildPhase section */

/* Begin PBXTargetDependency section */
		7A4840011DC0AE3000A4F211 /* PBXTargetDependency */ = {
			isa = PBXTargetDependency;
			target = 7A483FE51DC0AE3000A4F211 /* MaqueBeta */;
			targetProxy = 7A4840001DC0AE3000A4F211 /* PBXContainerItemProxy */;
		};
		7A48400C1DC0AE3000A4F211 /* PBXTargetDependency */ = {
			isa = PBXTargetDependency;
			target = 7A483FE51DC0AE3000A4F211 /* MaqueBeta */;
			targetProxy = 7A48400B1DC0AE3000A4F211 /* PBXContainerItemProxy */;
		};
/* End PBXTargetDependency section */

/* Begin PBXVariantGroup section */
		7A483FF21DC0AE3000A4F211 /* Main.storyboard */ = {
			isa = PBXVariantGroup;
			children = (
				7A483FF31DC0AE3000A4F211 /* Base */,
			);
			name = Main.storyboard;
			sourceTree = "<group>";
		};
		7A483FF71DC0AE3000A4F211 /* LaunchScreen.storyboard */ = {
			isa = PBXVariantGroup;
			children = (
				7A483FF81DC0AE3000A4F211 /* Base */,
			);
			name = LaunchScreen.storyboard;
			sourceTree = "<group>";
		};
/* End PBXVariantGroup section */

/* Begin XCBuildConfiguration section */
		7A4840111DC0AE3000A4F211 /* Debug */ = {
			isa = XCBuildConfiguration;
			buildSettings = {
				ALWAYS_SEARCH_USER_PATHS = NO;
				CLANG_ANALYZER_NONNULL = YES;
				CLANG_CXX_LANGUAGE_STANDARD = "gnu++0x";
				CLANG_CXX_LIBRARY = "libc++";
				CLANG_ENABLE_MODULES = YES;
				CLANG_ENABLE_OBJC_ARC = YES;
				CLANG_WARN_BOOL_CONVERSION = YES;
				CLANG_WARN_CONSTANT_CONVERSION = YES;
				CLANG_WARN_DIRECT_OBJC_ISA_USAGE = YES_ERROR;
				CLANG_WARN_DOCUMENTATION_COMMENTS = YES;
				CLANG_WARN_EMPTY_BODY = YES;
				CLANG_WARN_ENUM_CONVERSION = YES;
				CLANG_WARN_INFINITE_RECURSION = YES;
				CLANG_WARN_INT_CONVERSION = YES;
				CLANG_WARN_OBJC_ROOT_CLASS = YES_ERROR;
				CLANG_WARN_SUSPICIOUS_MOVES = YES;
				CLANG_WARN_UNREACHABLE_CODE = YES;
				CLANG_WARN__DUPLICATE_METHOD_MATCH = YES;
				"CODE_SIGN_IDENTITY[sdk=iphoneos*]" = "iPhone Developer";
				COPY_PHASE_STRIP = NO;
				DEBUG_INFORMATION_FORMAT = dwarf;
				ENABLE_STRICT_OBJC_MSGSEND = YES;
				ENABLE_TESTABILITY = YES;
				GCC_C_LANGUAGE_STANDARD = gnu99;
				GCC_DYNAMIC_NO_PIC = NO;
				GCC_NO_COMMON_BLOCKS = YES;
				GCC_OPTIMIZATION_LEVEL = 0;
				GCC_PREPROCESSOR_DEFINITIONS = (
					"DEBUG=1",
					"$(inherited)",
				);
				GCC_WARN_64_TO_32_BIT_CONVERSION = YES;
				GCC_WARN_ABOUT_RETURN_TYPE = YES_ERROR;
				GCC_WARN_UNDECLARED_SELECTOR = YES;
				GCC_WARN_UNINITIALIZED_AUTOS = YES_AGGRESSIVE;
				GCC_WARN_UNUSED_FUNCTION = YES;
				GCC_WARN_UNUSED_VARIABLE = YES;
				IPHONEOS_DEPLOYMENT_TARGET = 10.0;
				MTL_ENABLE_DEBUG_INFO = YES;
				ONLY_ACTIVE_ARCH = YES;
				SDKROOT = iphoneos;
				TARGETED_DEVICE_FAMILY = "1,2";
			};
			name = Debug;
		};
		7A4840121DC0AE3000A4F211 /* Release */ = {
			isa = XCBuildConfiguration;
			buildSettings = {
				ALWAYS_SEARCH_USER_PATHS = NO;
				CLANG_ANALYZER_NONNULL = YES;
				CLANG_CXX_LANGUAGE_STANDARD = "gnu++0x";
				CLANG_CXX_LIBRARY = "libc++";
				CLANG_ENABLE_MODULES = YES;
				CLANG_ENABLE_OBJC_ARC = YES;
				CLANG_WARN_BOOL_CONVERSION = YES;
				CLANG_WARN_CONSTANT_CONVERSION = YES;
				CLANG_WARN_DIRECT_OBJC_ISA_USAGE = YES_ERROR;
				CLANG_WARN_DOCUMENTATION_COMMENTS = YES;
				CLANG_WARN_EMPTY_BODY = YES;
				CLANG_WARN_ENUM_CONVERSION = YES;
				CLANG_WARN_INFINITE_RECURSION = YES;
				CLANG_WARN_INT_CONVERSION = YES;
				CLANG_WARN_OBJC_ROOT_CLASS = YES_ERROR;
				CLANG_WARN_SUSPICIOUS_MOVES = YES;
				CLANG_WARN_UNREACHABLE_CODE = YES;
				CLANG_WARN__DUPLICATE_METHOD_MATCH = YES;
				"CODE_SIGN_IDENTITY[sdk=iphoneos*]" = "iPhone Developer";
				COPY_PHASE_STRIP = NO;
				DEBUG_INFORMATION_FORMAT = "dwarf-with-dsym";
				ENABLE_NS_ASSERTIONS = NO;
				ENABLE_STRICT_OBJC_MSGSEND = YES;
				GCC_C_LANGUAGE_STANDARD = gnu99;
				GCC_NO_COMMON_BLOCKS = YES;
				GCC_WARN_64_TO_32_BIT_CONVERSION = YES;
				GCC_WARN_ABOUT_RETURN_TYPE = YES_ERROR;
				GCC_WARN_UNDECLARED_SELECTOR = YES;
				GCC_WARN_UNINITIALIZED_AUTOS = YES_AGGRESSIVE;
				GCC_WARN_UNUSED_FUNCTION = YES;
				GCC_WARN_UNUSED_VARIABLE = YES;
				IPHONEOS_DEPLOYMENT_TARGET = 10.0;
				MTL_ENABLE_DEBUG_INFO = NO;
				SDKROOT = iphoneos;
				TARGETED_DEVICE_FAMILY = "1,2";
				VALIDATE_PRODUCT = YES;
			};
			name = Release;
		};
		7A4840141DC0AE3000A4F211 /* Debug */ = {
			isa = XCBuildConfiguration;
			buildSettings = {
				ASSETCATALOG_COMPILER_APPICON_NAME = AppIcon;
				DEVELOPMENT_TEAM = 2U43YUHX3N;
				INFOPLIST_FILE = MaqueBeta/Info.plist;
				LD_RUNPATH_SEARCH_PATHS = "$(inherited) @executable_path/Frameworks";
				PRODUCT_BUNDLE_IDENTIFIER = com.fred.MaqueBeta;
				PRODUCT_NAME = "$(TARGET_NAME)";
			};
			name = Debug;
		};
		7A4840151DC0AE3000A4F211 /* Release */ = {
			isa = XCBuildConfiguration;
			buildSettings = {
				ASSETCATALOG_COMPILER_APPICON_NAME = AppIcon;
				DEVELOPMENT_TEAM = 2U43YUHX3N;
				INFOPLIST_FILE = MaqueBeta/Info.plist;
				LD_RUNPATH_SEARCH_PATHS = "$(inherited) @executable_path/Frameworks";
				PRODUCT_BUNDLE_IDENTIFIER = com.fred.MaqueBeta;
				PRODUCT_NAME = "$(TARGET_NAME)";
			};
			name = Release;
		};
		7A4840171DC0AE3000A4F211 /* Debug */ = {
			isa = XCBuildConfiguration;
			buildSettings = {
				BUNDLE_LOADER = "$(TEST_HOST)";
				DEVELOPMENT_TEAM = 2U43YUHX3N;
				INFOPLIST_FILE = MaqueBetaTests/Info.plist;
				LD_RUNPATH_SEARCH_PATHS = "$(inherited) @executable_path/Frameworks @loader_path/Frameworks";
				PRODUCT_BUNDLE_IDENTIFIER = fred.MaqueBetaTests;
				PRODUCT_NAME = "$(TARGET_NAME)";
				TEST_HOST = "$(BUILT_PRODUCTS_DIR)/MaqueBeta.app/MaqueBeta";
			};
			name = Debug;
		};
		7A4840181DC0AE3000A4F211 /* Release */ = {
			isa = XCBuildConfiguration;
			buildSettings = {
				BUNDLE_LOADER = "$(TEST_HOST)";
				DEVELOPMENT_TEAM = 2U43YUHX3N;
				INFOPLIST_FILE = MaqueBetaTests/Info.plist;
				LD_RUNPATH_SEARCH_PATHS = "$(inherited) @executable_path/Frameworks @loader_path/Frameworks";
				PRODUCT_BUNDLE_IDENTIFIER = fred.MaqueBetaTests;
				PRODUCT_NAME = "$(TARGET_NAME)";
				TEST_HOST = "$(BUILT_PRODUCTS_DIR)/MaqueBeta.app/MaqueBeta";
			};
			name = Release;
		};
		7A48401A1DC0AE3000A4F211 /* Debug */ = {
			isa = XCBuildConfiguration;
			buildSettings = {
				DEVELOPMENT_TEAM = 2U43YUHX3N;
				INFOPLIST_FILE = MaqueBetaUITests/Info.plist;
				LD_RUNPATH_SEARCH_PATHS = "$(inherited) @executable_path/Frameworks @loader_path/Frameworks";
				PRODUCT_BUNDLE_IDENTIFIER = fred.MaqueBetaUITests;
				PRODUCT_NAME = "$(TARGET_NAME)";
				TEST_TARGET_NAME = MaqueBeta;
			};
			name = Debug;
		};
		7A48401B1DC0AE3000A4F211 /* Release */ = {
			isa = XCBuildConfiguration;
			buildSettings = {
				DEVELOPMENT_TEAM = 2U43YUHX3N;
				INFOPLIST_FILE = MaqueBetaUITests/Info.plist;
				LD_RUNPATH_SEARCH_PATHS = "$(inherited) @executable_path/Frameworks @loader_path/Frameworks";
				PRODUCT_BUNDLE_IDENTIFIER = fred.MaqueBetaUITests;
				PRODUCT_NAME = "$(TARGET_NAME)";
				TEST_TARGET_NAME = MaqueBeta;
			};
			name = Release;
		};
/* End XCBuildConfiguration section */

/* Begin XCConfigurationList section */
		7A483FE11DC0AE3000A4F211 /* Build configuration list for PBXProject "MaqueBeta" */ = {
			isa = XCConfigurationList;
			buildConfigurations = (
				7A4840111DC0AE3000A4F211 /* Debug */,
				7A4840121DC0AE3000A4F211 /* Release */,
			);
			defaultConfigurationIsVisible = 0;
			defaultConfigurationName = Release;
		};
		7A4840131DC0AE3000A4F211 /* Build configuration list for PBXNativeTarget "MaqueBeta" */ = {
			isa = XCConfigurationList;
			buildConfigurations = (
				7A4840141DC0AE3000A4F211 /* Debug */,
				7A4840151DC0AE3000A4F211 /* Release */,
			);
			defaultConfigurationIsVisible = 0;
			defaultConfigurationName = Release;
		};
		7A4840161DC0AE3000A4F211 /* Build configuration list for PBXNativeTarget "MaqueBetaTests" */ = {
			isa = XCConfigurationList;
			buildConfigurations = (
				7A4840171DC0AE3000A4F211 /* Debug */,
				7A4840181DC0AE3000A4F211 /* Release */,
			);
			defaultConfigurationIsVisible = 0;
			defaultConfigurationName = Release;
		};
		7A4840191DC0AE3000A4F211 /* Build configuration list for PBXNativeTarget "MaqueBetaUITests" */ = {
			isa = XCConfigurationList;
			buildConfigurations = (
				7A48401A1DC0AE3000A4F211 /* Debug */,
				7A48401B1DC0AE3000A4F211 /* Release */,
			);
			defaultConfigurationIsVisible = 0;
			defaultConfigurationName = Release;
		};
/* End XCConfigurationList section */
	};
	rootObject = 7A483FDE1DC0AE3000A4F211 /* Project object */;
}
